// !$*UTF8*$!
{
	archiveVersion = 1;
	classes = {
	};
	objectVersion = 56;
	objects = {

/* Begin PBXBuildFile section */
		559119BD2C8DCB2200A0A32F /* SwiftUI_MVVM_ExampleApp.swift in Sources */ = {isa = PBXBuildFile; fileRef = 559119BC2C8DCB2200A0A32F /* SwiftUI_MVVM_ExampleApp.swift */; };
		559119BF2C8DCB2200A0A32F /* ContentView.swift in Sources */ = {isa = PBXBuildFile; fileRef = 559119BE2C8DCB2200A0A32F /* ContentView.swift */; };
		559119C12C8DCB2500A0A32F /* Assets.xcassets in Resources */ = {isa = PBXBuildFile; fileRef = 559119C02C8DCB2500A0A32F /* Assets.xcassets */; };
		559119C42C8DCB2500A0A32F /* Preview Assets.xcassets in Resources */ = {isa = PBXBuildFile; fileRef = 559119C32C8DCB2500A0A32F /* Preview Assets.xcassets */; };
		559119CD2C8DCD8100A0A32F /* APIConstants.swift in Sources */ = {isa = PBXBuildFile; fileRef = 559119CC2C8DCD8100A0A32F /* APIConstants.swift */; };
		559119D02C8DCDF400A0A32F /* View+Preview.swift in Sources */ = {isa = PBXBuildFile; fileRef = 559119CF2C8DCDF400A0A32F /* View+Preview.swift */; };
		559119D62C8DCE7800A0A32F /* LoadingView.swift in Sources */ = {isa = PBXBuildFile; fileRef = 559119D52C8DCE7800A0A32F /* LoadingView.swift */; };
		559119DE2C8DD16A00A0A32F /* Quote.swift in Sources */ = {isa = PBXBuildFile; fileRef = 559119DD2C8DD16A00A0A32F /* Quote.swift */; };
		559119E02C8DD1BF00A0A32F /* QuoteView.swift in Sources */ = {isa = PBXBuildFile; fileRef = 559119DF2C8DD1BF00A0A32F /* QuoteView.swift */; };
		559119E32C8DD21000A0A32F /* QuotesService.swift in Sources */ = {isa = PBXBuildFile; fileRef = 559119E22C8DD21000A0A32F /* QuotesService.swift */; };
		559119E62C8DD26B00A0A32F /* QuotesViewModel.swift in Sources */ = {isa = PBXBuildFile; fileRef = 559119E52C8DD26B00A0A32F /* QuotesViewModel.swift */; };
		559119E92C8DD34A00A0A32F /* QuotesScreen.swift in Sources */ = {isa = PBXBuildFile; fileRef = 559119E82C8DD34A00A0A32F /* QuotesScreen.swift */; };
/* End PBXBuildFile section */

/* Begin PBXFileReference section */
		559119B92C8DCB2200A0A32F /* SwiftUI_MVVM_Example.app */ = {isa = PBXFileReference; explicitFileType = wrapper.application; includeInIndex = 0; path = SwiftUI_MVVM_Example.app; sourceTree = BUILT_PRODUCTS_DIR; };
		559119BC2C8DCB2200A0A32F /* SwiftUI_MVVM_ExampleApp.swift */ = {isa = PBXFileReference; lastKnownFileType = sourcecode.swift; path = SwiftUI_MVVM_ExampleApp.swift; sourceTree = "<group>"; };
		559119BE2C8DCB2200A0A32F /* ContentView.swift */ = {isa = PBXFileReference; lastKnownFileType = sourcecode.swift; path = ContentView.swift; sourceTree = "<group>"; };
		559119C02C8DCB2500A0A32F /* Assets.xcassets */ = {isa = PBXFileReference; lastKnownFileType = folder.assetcatalog; path = Assets.xcassets; sourceTree = "<group>"; };
		559119C32C8DCB2500A0A32F /* Preview Assets.xcassets */ = {isa = PBXFileReference; lastKnownFileType = folder.assetcatalog; path = "Preview Assets.xcassets"; sourceTree = "<group>"; };
		559119CC2C8DCD8100A0A32F /* APIConstants.swift */ = {isa = PBXFileReference; lastKnownFileType = sourcecode.swift; path = APIConstants.swift; sourceTree = "<group>"; };
		559119CF2C8DCDF400A0A32F /* View+Preview.swift */ = {isa = PBXFileReference; lastKnownFileType = sourcecode.swift; path = "View+Preview.swift"; sourceTree = "<group>"; };
		559119D52C8DCE7800A0A32F /* LoadingView.swift */ = {isa = PBXFileReference; lastKnownFileType = sourcecode.swift; path = LoadingView.swift; sourceTree = "<group>"; };
		559119DD2C8DD16A00A0A32F /* Quote.swift */ = {isa = PBXFileReference; lastKnownFileType = sourcecode.swift; path = Quote.swift; sourceTree = "<group>"; };
		559119DF2C8DD1BF00A0A32F /* QuoteView.swift */ = {isa = PBXFileReference; lastKnownFileType = sourcecode.swift; path = QuoteView.swift; sourceTree = "<group>"; };
		559119E22C8DD21000A0A32F /* QuotesService.swift */ = {isa = PBXFileReference; lastKnownFileType = sourcecode.swift; path = QuotesService.swift; sourceTree = "<group>"; };
		559119E52C8DD26B00A0A32F /* QuotesViewModel.swift */ = {isa = PBXFileReference; lastKnownFileType = sourcecode.swift; path = QuotesViewModel.swift; sourceTree = "<group>"; };
		559119E82C8DD34A00A0A32F /* QuotesScreen.swift */ = {isa = PBXFileReference; lastKnownFileType = sourcecode.swift; path = QuotesScreen.swift; sourceTree = "<group>"; };
/* End PBXFileReference section */

/* Begin PBXFrameworksBuildPhase section */
		559119B62C8DCB2200A0A32F /* Frameworks */ = {
			isa = PBXFrameworksBuildPhase;
			buildActionMask = 2147483647;
			files = (
			);
			runOnlyForDeploymentPostprocessing = 0;
		};
/* End PBXFrameworksBuildPhase section */

/* Begin PBXGroup section */
		559119B02C8DCB2200A0A32F = {
			isa = PBXGroup;
			children = (
				559119BB2C8DCB2200A0A32F /* SwiftUI_MVVM_Example */,
				559119BA2C8DCB2200A0A32F /* Products */,
			);
			sourceTree = "<group>";
		};
		559119BA2C8DCB2200A0A32F /* Products */ = {
			isa = PBXGroup;
			children = (
				559119B92C8DCB2200A0A32F /* SwiftUI_MVVM_Example.app */,
			);
			name = Products;
			sourceTree = "<group>";
		};
		559119BB2C8DCB2200A0A32F /* SwiftUI_MVVM_Example */ = {
			isa = PBXGroup;
			children = (
				559119BC2C8DCB2200A0A32F /* SwiftUI_MVVM_ExampleApp.swift */,
				559119BE2C8DCB2200A0A32F /* ContentView.swift */,
				559119CA2C8DCCDF00A0A32F /* Base */,
				559119D72C8DCECC00A0A32F /* Feature */,
				559119C02C8DCB2500A0A32F /* Assets.xcassets */,
				559119C22C8DCB2500A0A32F /* Preview Content */,
			);
			path = SwiftUI_MVVM_Example;
			sourceTree = "<group>";
		};
		559119C22C8DCB2500A0A32F /* Preview Content */ = {
			isa = PBXGroup;
			children = (
				559119C32C8DCB2500A0A32F /* Preview Assets.xcassets */,
			);
			path = "Preview Content";
			sourceTree = "<group>";
		};
		559119CA2C8DCCDF00A0A32F /* Base */ = {
			isa = PBXGroup;
			children = (
				559119D12C8DCE2900A0A32F /* View */,
				559119CE2C8DCDAF00A0A32F /* Extensions */,
				559119CB2C8DCD5700A0A32F /* Constants */,
			);
			path = Base;
			sourceTree = "<group>";
		};
		559119CB2C8DCD5700A0A32F /* Constants */ = {
			isa = PBXGroup;
			children = (
				559119CC2C8DCD8100A0A32F /* APIConstants.swift */,
			);
			path = Constants;
			sourceTree = "<group>";
		};
		559119CE2C8DCDAF00A0A32F /* Extensions */ = {
			isa = PBXGroup;
			children = (
				559119CF2C8DCDF400A0A32F /* View+Preview.swift */,
			);
			path = Extensions;
			sourceTree = "<group>";
		};
		559119D12C8DCE2900A0A32F /* View */ = {
			isa = PBXGroup;
			children = (
				559119D22C8DCE3B00A0A32F /* Loading */,
			);
			path = View;
			sourceTree = "<group>";
		};
		559119D22C8DCE3B00A0A32F /* Loading */ = {
			isa = PBXGroup;
			children = (
				559119D52C8DCE7800A0A32F /* LoadingView.swift */,
			);
			path = Loading;
			sourceTree = "<group>";
		};
		559119D72C8DCECC00A0A32F /* Feature */ = {
			isa = PBXGroup;
			children = (
				559119D82C8DCEE300A0A32F /* Quotes */,
			);
			path = Feature;
			sourceTree = "<group>";
		};
		559119D82C8DCEE300A0A32F /* Quotes */ = {
			isa = PBXGroup;
			children = (
				559119E72C8DD33100A0A32F /* Screen */,
				559119E42C8DD25400A0A32F /* ViewModel */,
				559119E12C8DD1F900A0A32F /* Service */,
				559119DC2C8DD14F00A0A32F /* View */,
				559119DB2C8DD14400A0A32F /* Model */,
			);
			path = Quotes;
			sourceTree = "<group>";
		};
		559119DB2C8DD14400A0A32F /* Model */ = {
			isa = PBXGroup;
			children = (
				559119DD2C8DD16A00A0A32F /* Quote.swift */,
			);
			path = Model;
			sourceTree = "<group>";
		};
		559119DC2C8DD14F00A0A32F /* View */ = {
			isa = PBXGroup;
			children = (
				559119DF2C8DD1BF00A0A32F /* QuoteView.swift */,
			);
			path = View;
			sourceTree = "<group>";
		};
		559119E12C8DD1F900A0A32F /* Service */ = {
			isa = PBXGroup;
			children = (
				559119E22C8DD21000A0A32F /* QuotesService.swift */,
			);
			path = Service;
			sourceTree = "<group>";
		};
		559119E42C8DD25400A0A32F /* ViewModel */ = {
			isa = PBXGroup;
			children = (
				559119E52C8DD26B00A0A32F /* QuotesViewModel.swift */,
			);
			path = ViewModel;
			sourceTree = "<group>";
		};
		559119E72C8DD33100A0A32F /* Screen */ = {
			isa = PBXGroup;
			children = (
				559119E82C8DD34A00A0A32F /* QuotesScreen.swift */,
			);
			path = Screen;
			sourceTree = "<group>";
		};
/* End PBXGroup section */

/* Begin PBXNativeTarget section */
		559119B82C8DCB2200A0A32F /* SwiftUI_MVVM_Example */ = {
			isa = PBXNativeTarget;
			buildConfigurationList = 559119C72C8DCB2500A0A32F /* Build configuration list for PBXNativeTarget "SwiftUI_MVVM_Example" */;
			buildPhases = (
				559119B52C8DCB2200A0A32F /* Sources */,
				559119B62C8DCB2200A0A32F /* Frameworks */,
				559119B72C8DCB2200A0A32F /* Resources */,
			);
			buildRules = (
			);
			dependencies = (
			);
			name = SwiftUI_MVVM_Example;
			productName = SwiftUI_MVVM_Example;
			productReference = 559119B92C8DCB2200A0A32F /* SwiftUI_MVVM_Example.app */;
			productType = "com.apple.product-type.application";
		};
/* End PBXNativeTarget section */

/* Begin PBXProject section */
		559119B12C8DCB2200A0A32F /* Project object */ = {
			isa = PBXProject;
			attributes = {
				BuildIndependentTargetsInParallel = 1;
				LastSwiftUpdateCheck = 1400;
				LastUpgradeCheck = 1400;
				TargetAttributes = {
					559119B82C8DCB2200A0A32F = {
						CreatedOnToolsVersion = 14.0;
					};
				};
			};
			buildConfigurationList = 559119B42C8DCB2200A0A32F /* Build configuration list for PBXProject "SwiftUI_MVVM_Example" */;
			compatibilityVersion = "Xcode 14.0";
			developmentRegion = en;
			hasScannedForEncodings = 0;
			knownRegions = (
				en,
				Base,
			);
			mainGroup = 559119B02C8DCB2200A0A32F;
			productRefGroup = 559119BA2C8DCB2200A0A32F /* Products */;
			projectDirPath = "";
			projectRoot = "";
			targets = (
				559119B82C8DCB2200A0A32F /* SwiftUI_MVVM_Example */,
			);
		};
/* End PBXProject section */

/* Begin PBXResourcesBuildPhase section */
		559119B72C8DCB2200A0A32F /* Resources */ = {
			isa = PBXResourcesBuildPhase;
			buildActionMask = 2147483647;
			files = (
				559119C42C8DCB2500A0A32F /* Preview Assets.xcassets in Resources */,
				559119C12C8DCB2500A0A32F /* Assets.xcassets in Resources */,
			);
			runOnlyForDeploymentPostprocessing = 0;
		};
/* End PBXResourcesBuildPhase section */

/* Begin PBXSourcesBuildPhase section */
		559119B52C8DCB2200A0A32F /* Sources */ = {
			isa = PBXSourcesBuildPhase;
			buildActionMask = 2147483647;
			files = (
				559119E32C8DD21000A0A32F /* QuotesService.swift in Sources */,
				559119E62C8DD26B00A0A32F /* QuotesViewModel.swift in Sources */,
				559119BF2C8DCB2200A0A32F /* ContentView.swift in Sources */,
				559119D02C8DCDF400A0A32F /* View+Preview.swift in Sources */,
				559119E92C8DD34A00A0A32F /* QuotesScreen.swift in Sources */,
				559119BD2C8DCB2200A0A32F /* SwiftUI_MVVM_ExampleApp.swift in Sources */,
				559119D62C8DCE7800A0A32F /* LoadingView.swift in Sources */,
				559119E02C8DD1BF00A0A32F /* QuoteView.swift in Sources */,
				559119DE2C8DD16A00A0A32F /* Quote.swift in Sources */,
				559119CD2C8DCD8100A0A32F /* APIConstants.swift in Sources */,
			);
			runOnlyForDeploymentPostprocessing = 0;
		};
/* End PBXSourcesBuildPhase section */

/* Begin XCBuildConfiguration section */
		559119C52C8DCB2500A0A32F /* Debug */ = {
			isa = XCBuildConfiguration;
			buildSettings = {
				ALWAYS_SEARCH_USER_PATHS = NO;
				CLANG_ANALYZER_NONNULL = YES;
				CLANG_ANALYZER_NUMBER_OBJECT_CONVERSION = YES_AGGRESSIVE;
				CLANG_CXX_LANGUAGE_STANDARD = "gnu++20";
				CLANG_ENABLE_MODULES = YES;
				CLANG_ENABLE_OBJC_ARC = YES;
				CLANG_ENABLE_OBJC_WEAK = YES;
				CLANG_WARN_BLOCK_CAPTURE_AUTORELEASING = YES;
				CLANG_WARN_BOOL_CONVERSION = YES;
				CLANG_WARN_COMMA = YES;
				CLANG_WARN_CONSTANT_CONVERSION = YES;
				CLANG_WARN_DEPRECATED_OBJC_IMPLEMENTATIONS = YES;
				CLANG_WARN_DIRECT_OBJC_ISA_USAGE = YES_ERROR;
				CLANG_WARN_DOCUMENTATION_COMMENTS = YES;
				CLANG_WARN_EMPTY_BODY = YES;
				CLANG_WARN_ENUM_CONVERSION = YES;
				CLANG_WARN_INFINITE_RECURSION = YES;
				CLANG_WARN_INT_CONVERSION = YES;
				CLANG_WARN_NON_LITERAL_NULL_CONVERSION = YES;
				CLANG_WARN_OBJC_IMPLICIT_RETAIN_SELF = YES;
				CLANG_WARN_OBJC_LITERAL_CONVERSION = YES;
				CLANG_WARN_OBJC_ROOT_CLASS = YES_ERROR;
				CLANG_WARN_QUOTED_INCLUDE_IN_FRAMEWORK_HEADER = YES;
				CLANG_WARN_RANGE_LOOP_ANALYSIS = YES;
				CLANG_WARN_STRICT_PROTOTYPES = YES;
				CLANG_WARN_SUSPICIOUS_MOVE = YES;
				CLANG_WARN_UNGUARDED_AVAILABILITY = YES_AGGRESSIVE;
				CLANG_WARN_UNREACHABLE_CODE = YES;
				CLANG_WARN__DUPLICATE_METHOD_MATCH = YES;
				COPY_PHASE_STRIP = NO;
				DEBUG_INFORMATION_FORMAT = dwarf;
				ENABLE_STRICT_OBJC_MSGSEND = YES;
				ENABLE_TESTABILITY = YES;
				GCC_C_LANGUAGE_STANDARD = gnu11;
				GCC_DYNAMIC_NO_PIC = NO;
				GCC_NO_COMMON_BLOCKS = YES;
				GCC_OPTIMIZATION_LEVEL = 0;
				GCC_PREPROCESSOR_DEFINITIONS = (
					"DEBUG=1",
					"$(inherited)",
				);
				GCC_WARN_64_TO_32_BIT_CONVERSION = YES;
				GCC_WARN_ABOUT_RETURN_TYPE = YES_ERROR;
				GCC_WARN_UNDECLARED_SELECTOR = YES;
				GCC_WARN_UNINITIALIZED_AUTOS = YES_AGGRESSIVE;
				GCC_WARN_UNUSED_FUNCTION = YES;
				GCC_WARN_UNUSED_VARIABLE = YES;
				IPHONEOS_DEPLOYMENT_TARGET = 16.0;
				MTL_ENABLE_DEBUG_INFO = INCLUDE_SOURCE;
				MTL_FAST_MATH = YES;
				ONLY_ACTIVE_ARCH = YES;
				SDKROOT = iphoneos;
				SWIFT_ACTIVE_COMPILATION_CONDITIONS = DEBUG;
				SWIFT_OPTIMIZATION_LEVEL = "-Onone";
			};
			name = Debug;
		};
		559119C62C8DCB2500A0A32F /* Release */ = {
			isa = XCBuildConfiguration;
			buildSettings = {
				ALWAYS_SEARCH_USER_PATHS = NO;
				CLANG_ANALYZER_NONNULL = YES;
				CLANG_ANALYZER_NUMBER_OBJECT_CONVERSION = YES_AGGRESSIVE;
				CLANG_CXX_LANGUAGE_STANDARD = "gnu++20";
				CLANG_ENABLE_MODULES = YES;
				CLANG_ENABLE_OBJC_ARC = YES;
				CLANG_ENABLE_OBJC_WEAK = YES;
				CLANG_WARN_BLOCK_CAPTURE_AUTORELEASING = YES;
				CLANG_WARN_BOOL_CONVERSION = YES;
				CLANG_WARN_COMMA = YES;
				CLANG_WARN_CONSTANT_CONVERSION = YES;
				CLANG_WARN_DEPRECATED_OBJC_IMPLEMENTATIONS = YES;
				CLANG_WARN_DIRECT_OBJC_ISA_USAGE = YES_ERROR;
				CLANG_WARN_DOCUMENTATION_COMMENTS = YES;
				CLANG_WARN_EMPTY_BODY = YES;
				CLANG_WARN_ENUM_CONVERSION = YES;
				CLANG_WARN_INFINITE_RECURSION = YES;
				CLANG_WARN_INT_CONVERSION = YES;
				CLANG_WARN_NON_LITERAL_NULL_CONVERSION = YES;
				CLANG_WARN_OBJC_IMPLICIT_RETAIN_SELF = YES;
				CLANG_WARN_OBJC_LITERAL_CONVERSION = YES;
				CLANG_WARN_OBJC_ROOT_CLASS = YES_ERROR;
				CLANG_WARN_QUOTED_INCLUDE_IN_FRAMEWORK_HEADER = YES;
				CLANG_WARN_RANGE_LOOP_ANALYSIS = YES;
				CLANG_WARN_STRICT_PROTOTYPES = YES;
				CLANG_WARN_SUSPICIOUS_MOVE = YES;
				CLANG_WARN_UNGUARDED_AVAILABILITY = YES_AGGRESSIVE;
				CLANG_WARN_UNREACHABLE_CODE = YES;
				CLANG_WARN__DUPLICATE_METHOD_MATCH = YES;
				COPY_PHASE_STRIP = NO;
				DEBUG_INFORMATION_FORMAT = "dwarf-with-dsym";
				ENABLE_NS_ASSERTIONS = NO;
				ENABLE_STRICT_OBJC_MSGSEND = YES;
				GCC_C_LANGUAGE_STANDARD = gnu11;
				GCC_NO_COMMON_BLOCKS = YES;
				GCC_WARN_64_TO_32_BIT_CONVERSION = YES;
				GCC_WARN_ABOUT_RETURN_TYPE = YES_ERROR;
				GCC_WARN_UNDECLARED_SELECTOR = YES;
				GCC_WARN_UNINITIALIZED_AUTOS = YES_AGGRESSIVE;
				GCC_WARN_UNUSED_FUNCTION = YES;
				GCC_WARN_UNUSED_VARIABLE = YES;
				IPHONEOS_DEPLOYMENT_TARGET = 16.0;
				MTL_ENABLE_DEBUG_INFO = NO;
				MTL_FAST_MATH = YES;
				SDKROOT = iphoneos;
				SWIFT_COMPILATION_MODE = wholemodule;
				SWIFT_OPTIMIZATION_LEVEL = "-O";
				VALIDATE_PRODUCT = YES;
			};
			name = Release;
		};
		559119C82C8DCB2500A0A32F /* Debug */ = {
			isa = XCBuildConfiguration;
			buildSettings = {
				ASSETCATALOG_COMPILER_APPICON_NAME = AppIcon;
				ASSETCATALOG_COMPILER_GLOBAL_ACCENT_COLOR_NAME = AccentColor;
				CODE_SIGN_STYLE = Automatic;
				CURRENT_PROJECT_VERSION = 1;
				DEVELOPMENT_ASSET_PATHS = "\"SwiftUI_MVVM_Example/Preview Content\"";
				ENABLE_PREVIEWS = YES;
				GENERATE_INFOPLIST_FILE = YES;
				INFOPLIST_KEY_UIApplicationSceneManifest_Generation = YES;
				INFOPLIST_KEY_UIApplicationSupportsIndirectInputEvents = YES;
				INFOPLIST_KEY_UILaunchScreen_Generation = YES;
				INFOPLIST_KEY_UISupportedInterfaceOrientations_iPad = "UIInterfaceOrientationPortrait UIInterfaceOrientationPortraitUpsideDown UIInterfaceOrientationLandscapeLeft UIInterfaceOrientationLandscapeRight";
				INFOPLIST_KEY_UISupportedInterfaceOrientations_iPhone = "UIInterfaceOrientationPortrait UIInterfaceOrientationLandscapeLeft UIInterfaceOrientationLandscapeRight";
				LD_RUNPATH_SEARCH_PATHS = (
					"$(inherited)",
					"@executable_path/Frameworks",
				);
				MARKETING_VERSION = 1.0;
				PRODUCT_BUNDLE_IDENTIFIER = "ll.SwiftUI-MVVM-Example";
				PRODUCT_NAME = "$(TARGET_NAME)";
				SWIFT_EMIT_LOC_STRINGS = YES;
				SWIFT_VERSION = 5.0;
				TARGETED_DEVICE_FAMILY = "1,2";
			};
			name = Debug;
		};
		559119C92C8DCB2500A0A32F /* Release */ = {
			isa = XCBuildConfiguration;
			buildSettings = {
				ASSETCATALOG_COMPILER_APPICON_NAME = AppIcon;
				ASSETCATALOG_COMPILER_GLOBAL_ACCENT_COLOR_NAME = AccentColor;
				CODE_SIGN_STYLE = Automatic;
				CURRENT_PROJECT_VERSION = 1;
				DEVELOPMENT_ASSET_PATHS = "\"SwiftUI_MVVM_Example/Preview Content\"";
				ENABLE_PREVIEWS = YES;
				GENERATE_INFOPLIST_FILE = YES;
				INFOPLIST_KEY_UIApplicationSceneManifest_Generation = YES;
				INFOPLIST_KEY_UIApplicationSupportsIndirectInputEvents = YES;
				INFOPLIST_KEY_UILaunchScreen_Generation = YES;
				INFOPLIST_KEY_UISupportedInterfaceOrientations_iPad = "UIInterfaceOrientationPortrait UIInterfaceOrientationPortraitUpsideDown UIInterfaceOrientationLandscapeLeft UIInterfaceOrientationLandscapeRight";
				INFOPLIST_KEY_UISupportedInterfaceOrientations_iPhone = "UIInterfaceOrientationPortrait UIInterfaceOrientationLandscapeLeft UIInterfaceOrientationLandscapeRight";
				LD_RUNPATH_SEARCH_PATHS = (
					"$(inherited)",
					"@executable_path/Frameworks",
				);
				MARKETING_VERSION = 1.0;
				PRODUCT_BUNDLE_IDENTIFIER = "ll.SwiftUI-MVVM-Example";
				PRODUCT_NAME = "$(TARGET_NAME)";
				SWIFT_EMIT_LOC_STRINGS = YES;
				SWIFT_VERSION = 5.0;
				TARGETED_DEVICE_FAMILY = "1,2";
			};
			name = Release;
		};
/* End XCBuildConfiguration section */

/* Begin XCConfigurationList section */
		559119B42C8DCB2200A0A32F /* Build configuration list for PBXProject "SwiftUI_MVVM_Example" */ = {
			isa = XCConfigurationList;
			buildConfigurations = (
				559119C52C8DCB2500A0A32F /* Debug */,
				559119C62C8DCB2500A0A32F /* Release */,
			);
			defaultConfigurationIsVisible = 0;
			defaultConfigurationName = Release;
		};
		559119C72C8DCB2500A0A32F /* Build configuration list for PBXNativeTarget "SwiftUI_MVVM_Example" */ = {
			isa = XCConfigurationList;
			buildConfigurations = (
				559119C82C8DCB2500A0A32F /* Debug */,
				559119C92C8DCB2500A0A32F /* Release */,
			);
			defaultConfigurationIsVisible = 0;
			defaultConfigurationName = Release;
		};
/* End XCConfigurationList section */
	};
	rootObject = 559119B12C8DCB2200A0A32F /* Project object */;
}
